
Microsoft Visual Studio Solution File, Format Version 12.00
# Visual Studio Version 16
VisualStudioVersion = 25.0.1706.7
MinimumVisualStudioVersion = 10.0.40219.1
Project("{FAE04EC0-301F-11D3-BF4B-00C04F79EFBC}") = "Week15OOPandFiles", "Week15OOPandFiles\Week15OOPandFiles.csproj", "{2FF2443A-7AEF-42F3-8537-31B0CCBEFBFC}"
EndProject
Global
	GlobalSection(SolutionConfigurationPlatforms) = preSolution
		Debug|Any CPU = Debug|Any CPU
		Release|Any CPU = Release|Any CPU
	EndGlobalSection
	GlobalSection(ProjectConfigurationPlatforms) = postSolution
		{2FF2443A-7AEF-42F3-8537-31B0CCBEFBFC}.Debug|Any CPU.ActiveCfg = Debug|Any CPU
		{2FF2443A-7AEF-42F3-8537-31B0CCBEFBFC}.Debug|Any CPU.Build.0 = Debug|Any CPU
		{2FF2443A-7AEF-42F3-8537-31B0CCBEFBFC}.Release|Any CPU.ActiveCfg = Release|Any CPU
		{2FF2443A-7AEF-42F3-8537-31B0CCBEFBFC}.Release|Any CPU.Build.0 = Release|Any CPU
	EndGlobalSection
	GlobalSection(SolutionProperties) = preSolution
		HideSolutionNode = FALSE
	EndGlobalSection
	GlobalSection(ExtensibilityGlobals) = postSolution
		SolutionGuid = {2AE2862E-E231-4EB9-8956-100CFF01C307}
	EndGlobalSection
EndGlobal
